// !$*UTF8*$!
{
	archiveVersion = 1;
	classes = {
	};
	objectVersion = 56;
	objects = {

/* Begin PBXBuildFile section */
		27D0A89D2BFA512A00A418FB /* DateEntryView.swift in Sources */ = {isa = PBXBuildFile; fileRef = 27D0A89C2BFA512A00A418FB /* DateEntryView.swift */; };
		AC387A892AFA089F00C60E4C /* DateValidator.swift in Sources */ = {isa = PBXBuildFile; fileRef = AC387A882AFA089F00C60E4C /* DateValidator.swift */; };
		AC387A8B2AFA097600C60E4C /* DateValidatorTests.swift in Sources */ = {isa = PBXBuildFile; fileRef = AC387A8A2AFA097600C60E4C /* DateValidatorTests.swift */; };
		ACB81C2D2AF804D600E3F769 /* DateViewModel.swift in Sources */ = {isa = PBXBuildFile; fileRef = ACB81C2C2AF804D600E3F769 /* DateViewModel.swift */; };
		ACB81C2F2AF805C200E3F769 /* DateViewModelTests.swift in Sources */ = {isa = PBXBuildFile; fileRef = ACB81C2E2AF805C200E3F769 /* DateViewModelTests.swift */; };
		ACBC4B1F2AE83557006F781D /* SwiftUI_DateDetectorApp.swift in Sources */ = {isa = PBXBuildFile; fileRef = ACBC4B1E2AE83557006F781D /* SwiftUI_DateDetectorApp.swift */; };
		ACBC4B212AE83557006F781D /* ContentView.swift in Sources */ = {isa = PBXBuildFile; fileRef = ACBC4B202AE83557006F781D /* ContentView.swift */; };
		ACBC4B232AE83558006F781D /* Assets.xcassets in Resources */ = {isa = PBXBuildFile; fileRef = ACBC4B222AE83558006F781D /* Assets.xcassets */; };
		ACBC4B262AE83558006F781D /* Preview Assets.xcassets in Resources */ = {isa = PBXBuildFile; fileRef = ACBC4B252AE83558006F781D /* Preview Assets.xcassets */; };
		ACBC4B2E2AE83A6A006F781D /* SwiftDate in Frameworks */ = {isa = PBXBuildFile; productRef = ACBC4B2D2AE83A6A006F781D /* SwiftDate */; };
/* End PBXBuildFile section */

/* Begin PBXContainerItemProxy section */
		ACB81C272AF803E600E3F769 /* PBXContainerItemProxy */ = {
			isa = PBXContainerItemProxy;
			containerPortal = ACBC4B132AE83557006F781D /* Project object */;
			proxyType = 1;
			remoteGlobalIDString = ACBC4B1A2AE83557006F781D;
			remoteInfo = "SwiftUI-DateDetector";
		};
/* End PBXContainerItemProxy section */

/* Begin PBXFileReference section */
		27D0A89C2BFA512A00A418FB /* DateEntryView.swift */ = {isa = PBXFileReference; lastKnownFileType = sourcecode.swift; path = DateEntryView.swift; sourceTree = "<group>"; };
		AC387A882AFA089F00C60E4C /* DateValidator.swift */ = {isa = PBXFileReference; lastKnownFileType = sourcecode.swift; path = DateValidator.swift; sourceTree = "<group>"; };
		AC387A8A2AFA097600C60E4C /* DateValidatorTests.swift */ = {isa = PBXFileReference; lastKnownFileType = sourcecode.swift; path = DateValidatorTests.swift; sourceTree = "<group>"; };
		ACB81C232AF803E600E3F769 /* SwiftUI-DateDetector_Tests.xctest */ = {isa = PBXFileReference; explicitFileType = wrapper.cfbundle; includeInIndex = 0; path = "SwiftUI-DateDetector_Tests.xctest"; sourceTree = BUILT_PRODUCTS_DIR; };
		ACB81C2C2AF804D600E3F769 /* DateViewModel.swift */ = {isa = PBXFileReference; lastKnownFileType = sourcecode.swift; path = DateViewModel.swift; sourceTree = "<group>"; };
		ACB81C2E2AF805C200E3F769 /* DateViewModelTests.swift */ = {isa = PBXFileReference; lastKnownFileType = sourcecode.swift; path = DateViewModelTests.swift; sourceTree = "<group>"; };
		ACBC4B1B2AE83557006F781D /* SwiftUI-DateDetector.app */ = {isa = PBXFileReference; explicitFileType = wrapper.application; includeInIndex = 0; path = "SwiftUI-DateDetector.app"; sourceTree = BUILT_PRODUCTS_DIR; };
		ACBC4B1E2AE83557006F781D /* SwiftUI_DateDetectorApp.swift */ = {isa = PBXFileReference; lastKnownFileType = sourcecode.swift; path = SwiftUI_DateDetectorApp.swift; sourceTree = "<group>"; };
		ACBC4B202AE83557006F781D /* ContentView.swift */ = {isa = PBXFileReference; lastKnownFileType = sourcecode.swift; path = ContentView.swift; sourceTree = "<group>"; };
		ACBC4B222AE83558006F781D /* Assets.xcassets */ = {isa = PBXFileReference; lastKnownFileType = folder.assetcatalog; path = Assets.xcassets; sourceTree = "<group>"; };
		ACBC4B252AE83558006F781D /* Preview Assets.xcassets */ = {isa = PBXFileReference; lastKnownFileType = folder.assetcatalog; path = "Preview Assets.xcassets"; sourceTree = "<group>"; };
		ACC7657A2AE9B26200FEC00C /* README.md */ = {isa = PBXFileReference; lastKnownFileType = net.daringfireball.markdown; path = README.md; sourceTree = "<group>"; };
/* End PBXFileReference section */

/* Begin PBXFrameworksBuildPhase section */
		ACB81C202AF803E600E3F769 /* Frameworks */ = {
			isa = PBXFrameworksBuildPhase;
			buildActionMask = 2147483647;
			files = (
			);
			runOnlyForDeploymentPostprocessing = 0;
		};
		ACBC4B182AE83557006F781D /* Frameworks */ = {
			isa = PBXFrameworksBuildPhase;
			buildActionMask = 2147483647;
			files = (
				ACBC4B2E2AE83A6A006F781D /* SwiftDate in Frameworks */,
			);
			runOnlyForDeploymentPostprocessing = 0;
		};
/* End PBXFrameworksBuildPhase section */

/* Begin PBXGroup section */
		ACB81C242AF803E600E3F769 /* SwiftUI-DateDetector_Tests */ = {
			isa = PBXGroup;
			children = (
				ACB81C2E2AF805C200E3F769 /* DateViewModelTests.swift */,
				AC387A8A2AFA097600C60E4C /* DateValidatorTests.swift */,
			);
			path = "SwiftUI-DateDetector_Tests";
			sourceTree = "<group>";
		};
		ACBC4B122AE83557006F781D = {
			isa = PBXGroup;
			children = (
				ACC7657A2AE9B26200FEC00C /* README.md */,
				ACBC4B1D2AE83557006F781D /* SwiftUI-DateDetector */,
				ACB81C242AF803E600E3F769 /* SwiftUI-DateDetector_Tests */,
				ACBC4B1C2AE83557006F781D /* Products */,
			);
			sourceTree = "<group>";
		};
		ACBC4B1C2AE83557006F781D /* Products */ = {
			isa = PBXGroup;
			children = (
				ACBC4B1B2AE83557006F781D /* SwiftUI-DateDetector.app */,
				ACB81C232AF803E600E3F769 /* SwiftUI-DateDetector_Tests.xctest */,
			);
			name = Products;
			sourceTree = "<group>";
		};
		ACBC4B1D2AE83557006F781D /* SwiftUI-DateDetector */ = {
			isa = PBXGroup;
			children = (
				ACBC4B1E2AE83557006F781D /* SwiftUI_DateDetectorApp.swift */,
				ACB81C2C2AF804D600E3F769 /* DateViewModel.swift */,
				AC387A882AFA089F00C60E4C /* DateValidator.swift */,
				ACBC4B202AE83557006F781D /* ContentView.swift */,
				27D0A89C2BFA512A00A418FB /* DateEntryView.swift */,
				ACBC4B222AE83558006F781D /* Assets.xcassets */,
				ACBC4B242AE83558006F781D /* Preview Content */,
			);
			path = "SwiftUI-DateDetector";
			sourceTree = "<group>";
		};
		ACBC4B242AE83558006F781D /* Preview Content */ = {
			isa = PBXGroup;
			children = (
				ACBC4B252AE83558006F781D /* Preview Assets.xcassets */,
			);
			path = "Preview Content";
			sourceTree = "<group>";
		};
/* End PBXGroup section */

/* Begin PBXNativeTarget section */
		ACB81C222AF803E600E3F769 /* SwiftUI-DateDetector_Tests */ = {
			isa = PBXNativeTarget;
			buildConfigurationList = ACB81C2B2AF803E600E3F769 /* Build configuration list for PBXNativeTarget "SwiftUI-DateDetector_Tests" */;
			buildPhases = (
				ACB81C1F2AF803E600E3F769 /* Sources */,
				ACB81C202AF803E600E3F769 /* Frameworks */,
				ACB81C212AF803E600E3F769 /* Resources */,
			);
			buildRules = (
			);
			dependencies = (
				ACB81C282AF803E600E3F769 /* PBXTargetDependency */,
			);
			name = "SwiftUI-DateDetector_Tests";
			productName = "SwiftUI-DateDetector_Tests";
			productReference = ACB81C232AF803E600E3F769 /* SwiftUI-DateDetector_Tests.xctest */;
			productType = "com.apple.product-type.bundle.unit-test";
		};
		ACBC4B1A2AE83557006F781D /* SwiftUI-DateDetector */ = {
			isa = PBXNativeTarget;
			buildConfigurationList = ACBC4B292AE83558006F781D /* Build configuration list for PBXNativeTarget "SwiftUI-DateDetector" */;
			buildPhases = (
				ACBC4B172AE83557006F781D /* Sources */,
				ACBC4B182AE83557006F781D /* Frameworks */,
				ACBC4B192AE83557006F781D /* Resources */,
			);
			buildRules = (
			);
			dependencies = (
			);
			name = "SwiftUI-DateDetector";
			packageProductDependencies = (
				ACBC4B2D2AE83A6A006F781D /* SwiftDate */,
			);
			productName = "SwiftUI-DateDetector";
			productReference = ACBC4B1B2AE83557006F781D /* SwiftUI-DateDetector.app */;
			productType = "com.apple.product-type.application";
		};
/* End PBXNativeTarget section */

/* Begin PBXProject section */
		ACBC4B132AE83557006F781D /* Project object */ = {
			isa = PBXProject;
			attributes = {
				BuildIndependentTargetsInParallel = 1;
				LastSwiftUpdateCheck = 1500;
				LastUpgradeCheck = 1500;
				TargetAttributes = {
					ACB81C222AF803E600E3F769 = {
						CreatedOnToolsVersion = 15.0;
						TestTargetID = ACBC4B1A2AE83557006F781D;
					};
					ACBC4B1A2AE83557006F781D = {
						CreatedOnToolsVersion = 15.0;
					};
				};
			};
			buildConfigurationList = ACBC4B162AE83557006F781D /* Build configuration list for PBXProject "SwiftUI-DateDetector" */;
			compatibilityVersion = "Xcode 14.0";
			developmentRegion = en;
			hasScannedForEncodings = 0;
			knownRegions = (
				en,
				Base,
			);
			mainGroup = ACBC4B122AE83557006F781D;
			packageReferences = (
				ACBC4B2C2AE83A6A006F781D /* XCRemoteSwiftPackageReference "SwiftDate" */,
			);
			productRefGroup = ACBC4B1C2AE83557006F781D /* Products */;
			projectDirPath = "";
			projectRoot = "";
			targets = (
				ACBC4B1A2AE83557006F781D /* SwiftUI-DateDetector */,
				ACB81C222AF803E600E3F769 /* SwiftUI-DateDetector_Tests */,
			);
		};
/* End PBXProject section */

/* Begin PBXResourcesBuildPhase section */
		ACB81C212AF803E600E3F769 /* Resources */ = {
			isa = PBXResourcesBuildPhase;
			buildActionMask = 2147483647;
			files = (
			);
			runOnlyForDeploymentPostprocessing = 0;
		};
		ACBC4B192AE83557006F781D /* Resources */ = {
			isa = PBXResourcesBuildPhase;
			buildActionMask = 2147483647;
			files = (
				ACBC4B262AE83558006F781D /* Preview Assets.xcassets in Resources */,
				ACBC4B232AE83558006F781D /* Assets.xcassets in Resources */,
			);
			runOnlyForDeploymentPostprocessing = 0;
		};
/* End PBXResourcesBuildPhase section */

/* Begin PBXSourcesBuildPhase section */
		ACB81C1F2AF803E600E3F769 /* Sources */ = {
			isa = PBXSourcesBuildPhase;
			buildActionMask = 2147483647;
			files = (
				AC387A8B2AFA097600C60E4C /* DateValidatorTests.swift in Sources */,
				ACB81C2F2AF805C200E3F769 /* DateViewModelTests.swift in Sources */,
			);
			runOnlyForDeploymentPostprocessing = 0;
		};
		ACBC4B172AE83557006F781D /* Sources */ = {
			isa = PBXSourcesBuildPhase;
			buildActionMask = 2147483647;
			files = (
				ACB81C2D2AF804D600E3F769 /* DateViewModel.swift in Sources */,
				ACBC4B212AE83557006F781D /* ContentView.swift in Sources */,
				AC387A892AFA089F00C60E4C /* DateValidator.swift in Sources */,
				27D0A89D2BFA512A00A418FB /* DateEntryView.swift in Sources */,
				ACBC4B1F2AE83557006F781D /* SwiftUI_DateDetectorApp.swift in Sources */,
			);
			runOnlyForDeploymentPostprocessing = 0;
		};
/* End PBXSourcesBuildPhase section */

/* Begin PBXTargetDependency section */
		ACB81C282AF803E600E3F769 /* PBXTargetDependency */ = {
			isa = PBXTargetDependency;
			target = ACBC4B1A2AE83557006F781D /* SwiftUI-DateDetector */;
			targetProxy = ACB81C272AF803E600E3F769 /* PBXContainerItemProxy */;
		};
/* End PBXTargetDependency section */

/* Begin XCBuildConfiguration section */
		ACB81C292AF803E600E3F769 /* Debug */ = {
			isa = XCBuildConfiguration;
			buildSettings = {
				BUNDLE_LOADER = "$(TEST_HOST)";
				CODE_SIGN_STYLE = Automatic;
				CURRENT_PROJECT_VERSION = 1;
				DEVELOPMENT_TEAM = 6QY69PUF72;
				GENERATE_INFOPLIST_FILE = YES;
				MARKETING_VERSION = 1.0;
				PRODUCT_BUNDLE_IDENTIFIER = "com.joybending.SwiftUI-DateDetector-Tests";
				PRODUCT_NAME = "$(TARGET_NAME)";
				SWIFT_EMIT_LOC_STRINGS = NO;
				SWIFT_VERSION = 5.0;
				TARGETED_DEVICE_FAMILY = "1,2";
				TEST_HOST = "$(BUILT_PRODUCTS_DIR)/SwiftUI-DateDetector.app/$(BUNDLE_EXECUTABLE_FOLDER_PATH)/SwiftUI-DateDetector";
			};
			name = Debug;
		};
		ACB81C2A2AF803E600E3F769 /* Release */ = {
			isa = XCBuildConfiguration;
			buildSettings = {
				BUNDLE_LOADER = "$(TEST_HOST)";
				CODE_SIGN_STYLE = Automatic;
				CURRENT_PROJECT_VERSION = 1;
				DEVELOPMENT_TEAM = 6QY69PUF72;
				GENERATE_INFOPLIST_FILE = YES;
				MARKETING_VERSION = 1.0;
				PRODUCT_BUNDLE_IDENTIFIER = "com.joybending.SwiftUI-DateDetector-Tests";
				PRODUCT_NAME = "$(TARGET_NAME)";
				SWIFT_EMIT_LOC_STRINGS = NO;
				SWIFT_VERSION = 5.0;
				TARGETED_DEVICE_FAMILY = "1,2";
				TEST_HOST = "$(BUILT_PRODUCTS_DIR)/SwiftUI-DateDetector.app/$(BUNDLE_EXECUTABLE_FOLDER_PATH)/SwiftUI-DateDetector";
			};
			name = Release;
		};
		ACBC4B272AE83558006F781D /* Debug */ = {
			isa = XCBuildConfiguration;
			buildSettings = {
				ALWAYS_SEARCH_USER_PATHS = NO;
				ASSETCATALOG_COMPILER_GENERATE_SWIFT_ASSET_SYMBOL_EXTENSIONS = YES;
				CLANG_ANALYZER_NONNULL = YES;
				CLANG_ANALYZER_NUMBER_OBJECT_CONVERSION = YES_AGGRESSIVE;
				CLANG_CXX_LANGUAGE_STANDARD = "gnu++20";
				CLANG_ENABLE_MODULES = YES;
				CLANG_ENABLE_OBJC_ARC = YES;
				CLANG_ENABLE_OBJC_WEAK = YES;
				CLANG_WARN_BLOCK_CAPTURE_AUTORELEASING = YES;
				CLANG_WARN_BOOL_CONVERSION = YES;
				CLANG_WARN_COMMA = YES;
				CLANG_WARN_CONSTANT_CONVERSION = YES;
				CLANG_WARN_DEPRECATED_OBJC_IMPLEMENTATIONS = YES;
				CLANG_WARN_DIRECT_OBJC_ISA_USAGE = YES_ERROR;
				CLANG_WARN_DOCUMENTATION_COMMENTS = YES;
				CLANG_WARN_EMPTY_BODY = YES;
				CLANG_WARN_ENUM_CONVERSION = YES;
				CLANG_WARN_INFINITE_RECURSION = YES;
				CLANG_WARN_INT_CONVERSION = YES;
				CLANG_WARN_NON_LITERAL_NULL_CONVERSION = YES;
				CLANG_WARN_OBJC_IMPLICIT_RETAIN_SELF = YES;
				CLANG_WARN_OBJC_LITERAL_CONVERSION = YES;
				CLANG_WARN_OBJC_ROOT_CLASS = YES_ERROR;
				CLANG_WARN_QUOTED_INCLUDE_IN_FRAMEWORK_HEADER = YES;
				CLANG_WARN_RANGE_LOOP_ANALYSIS = YES;
				CLANG_WARN_STRICT_PROTOTYPES = YES;
				CLANG_WARN_SUSPICIOUS_MOVE = YES;
				CLANG_WARN_UNGUARDED_AVAILABILITY = YES_AGGRESSIVE;
				CLANG_WARN_UNREACHABLE_CODE = YES;
				CLANG_WARN__DUPLICATE_METHOD_MATCH = YES;
				COPY_PHASE_STRIP = NO;
				DEBUG_INFORMATION_FORMAT = dwarf;
				ENABLE_STRICT_OBJC_MSGSEND = YES;
				ENABLE_TESTABILITY = YES;
				ENABLE_USER_SCRIPT_SANDBOXING = YES;
				GCC_C_LANGUAGE_STANDARD = gnu17;
				GCC_DYNAMIC_NO_PIC = NO;
				GCC_NO_COMMON_BLOCKS = YES;
				GCC_OPTIMIZATION_LEVEL = 0;
				GCC_PREPROCESSOR_DEFINITIONS = (
					"DEBUG=1",
					"$(inherited)",
				);
				GCC_WARN_64_TO_32_BIT_CONVERSION = YES;
				GCC_WARN_ABOUT_RETURN_TYPE = YES_ERROR;
				GCC_WARN_UNDECLARED_SELECTOR = YES;
				GCC_WARN_UNINITIALIZED_AUTOS = YES_AGGRESSIVE;
				GCC_WARN_UNUSED_FUNCTION = YES;
				GCC_WARN_UNUSED_VARIABLE = YES;
				IPHONEOS_DEPLOYMENT_TARGET = 17.0;
				LOCALIZATION_PREFERS_STRING_CATALOGS = YES;
				MTL_ENABLE_DEBUG_INFO = INCLUDE_SOURCE;
				MTL_FAST_MATH = YES;
				ONLY_ACTIVE_ARCH = YES;
				SDKROOT = iphoneos;
				SWIFT_ACTIVE_COMPILATION_CONDITIONS = "DEBUG $(inherited)";
				SWIFT_OPTIMIZATION_LEVEL = "-Onone";
			};
			name = Debug;
		};
		ACBC4B282AE83558006F781D /* Release */ = {
			isa = XCBuildConfiguration;
			buildSettings = {
				ALWAYS_SEARCH_USER_PATHS = NO;
				ASSETCATALOG_COMPILER_GENERATE_SWIFT_ASSET_SYMBOL_EXTENSIONS = YES;
				CLANG_ANALYZER_NONNULL = YES;
				CLANG_ANALYZER_NUMBER_OBJECT_CONVERSION = YES_AGGRESSIVE;
				CLANG_CXX_LANGUAGE_STANDARD = "gnu++20";
				CLANG_ENABLE_MODULES = YES;
				CLANG_ENABLE_OBJC_ARC = YES;
				CLANG_ENABLE_OBJC_WEAK = YES;
				CLANG_WARN_BLOCK_CAPTURE_AUTORELEASING = YES;
				CLANG_WARN_BOOL_CONVERSION = YES;
				CLANG_WARN_COMMA = YES;
				CLANG_WARN_CONSTANT_CONVERSION = YES;
				CLANG_WARN_DEPRECATED_OBJC_IMPLEMENTATIONS = YES;
				CLANG_WARN_DIRECT_OBJC_ISA_USAGE = YES_ERROR;
				CLANG_WARN_DOCUMENTATION_COMMENTS = YES;
				CLANG_WARN_EMPTY_BODY = YES;
				CLANG_WARN_ENUM_CONVERSION = YES;
				CLANG_WARN_INFINITE_RECURSION = YES;
				CLANG_WARN_INT_CONVERSION = YES;
				CLANG_WARN_NON_LITERAL_NULL_CONVERSION = YES;
				CLANG_WARN_OBJC_IMPLICIT_RETAIN_SELF = YES;
				CLANG_WARN_OBJC_LITERAL_CONVERSION = YES;
				CLANG_WARN_OBJC_ROOT_CLASS = YES_ERROR;
				CLANG_WARN_QUOTED_INCLUDE_IN_FRAMEWORK_HEADER = YES;
				CLANG_WARN_RANGE_LOOP_ANALYSIS = YES;
				CLANG_WARN_STRICT_PROTOTYPES = YES;
				CLANG_WARN_SUSPICIOUS_MOVE = YES;
				CLANG_WARN_UNGUARDED_AVAILABILITY = YES_AGGRESSIVE;
				CLANG_WARN_UNREACHABLE_CODE = YES;
				CLANG_WARN__DUPLICATE_METHOD_MATCH = YES;
				COPY_PHASE_STRIP = NO;
				DEBUG_INFORMATION_FORMAT = "dwarf-with-dsym";
				ENABLE_NS_ASSERTIONS = NO;
				ENABLE_STRICT_OBJC_MSGSEND = YES;
				ENABLE_USER_SCRIPT_SANDBOXING = YES;
				GCC_C_LANGUAGE_STANDARD = gnu17;
				GCC_NO_COMMON_BLOCKS = YES;
				GCC_WARN_64_TO_32_BIT_CONVERSION = YES;
				GCC_WARN_ABOUT_RETURN_TYPE = YES_ERROR;
				GCC_WARN_UNDECLARED_SELECTOR = YES;
				GCC_WARN_UNINITIALIZED_AUTOS = YES_AGGRESSIVE;
				GCC_WARN_UNUSED_FUNCTION = YES;
				GCC_WARN_UNUSED_VARIABLE = YES;
				IPHONEOS_DEPLOYMENT_TARGET = 17.0;
				LOCALIZATION_PREFERS_STRING_CATALOGS = YES;
				MTL_ENABLE_DEBUG_INFO = NO;
				MTL_FAST_MATH = YES;
				SDKROOT = iphoneos;
				SWIFT_COMPILATION_MODE = wholemodule;
				VALIDATE_PRODUCT = YES;
			};
			name = Release;
		};
		ACBC4B2A2AE83558006F781D /* Debug */ = {
			isa = XCBuildConfiguration;
			buildSettings = {
				ASSETCATALOG_COMPILER_APPICON_NAME = AppIcon;
				ASSETCATALOG_COMPILER_GLOBAL_ACCENT_COLOR_NAME = AccentColor;
				CODE_SIGN_STYLE = Automatic;
				CURRENT_PROJECT_VERSION = 1;
				DEVELOPMENT_ASSET_PATHS = "\"SwiftUI-DateDetector/Preview Content\"";
				DEVELOPMENT_TEAM = 6QY69PUF72;
				ENABLE_PREVIEWS = YES;
				GENERATE_INFOPLIST_FILE = YES;
				INFOPLIST_KEY_UIApplicationSceneManifest_Generation = YES;
				INFOPLIST_KEY_UIApplicationSupportsIndirectInputEvents = YES;
				INFOPLIST_KEY_UILaunchScreen_Generation = YES;
				INFOPLIST_KEY_UISupportedInterfaceOrientations_iPad = "UIInterfaceOrientationPortrait UIInterfaceOrientationPortraitUpsideDown UIInterfaceOrientationLandscapeLeft UIInterfaceOrientationLandscapeRight";
				INFOPLIST_KEY_UISupportedInterfaceOrientations_iPhone = "UIInterfaceOrientationPortrait UIInterfaceOrientationLandscapeLeft UIInterfaceOrientationLandscapeRight";
				LD_RUNPATH_SEARCH_PATHS = (
					"$(inherited)",
					"@executable_path/Frameworks",
				);
				MARKETING_VERSION = 1.0;
				PRODUCT_BUNDLE_IDENTIFIER = "com.joybending.SwiftUI-DateDetector";
				PRODUCT_NAME = "$(TARGET_NAME)";
				SWIFT_EMIT_LOC_STRINGS = YES;
				SWIFT_VERSION = 5.0;
				TARGETED_DEVICE_FAMILY = "1,2";
			};
			name = Debug;
		};
		ACBC4B2B2AE83558006F781D /* Release */ = {
			isa = XCBuildConfiguration;
			buildSettings = {
				ASSETCATALOG_COMPILER_APPICON_NAME = AppIcon;
				ASSETCATALOG_COMPILER_GLOBAL_ACCENT_COLOR_NAME = AccentColor;
				CODE_SIGN_STYLE = Automatic;
				CURRENT_PROJECT_VERSION = 1;
				DEVELOPMENT_ASSET_PATHS = "\"SwiftUI-DateDetector/Preview Content\"";
				DEVELOPMENT_TEAM = 6QY69PUF72;
				ENABLE_PREVIEWS = YES;
				GENERATE_INFOPLIST_FILE = YES;
				INFOPLIST_KEY_UIApplicationSceneManifest_Generation = YES;
				INFOPLIST_KEY_UIApplicationSupportsIndirectInputEvents = YES;
				INFOPLIST_KEY_UILaunchScreen_Generation = YES;
				INFOPLIST_KEY_UISupportedInterfaceOrientations_iPad = "UIInterfaceOrientationPortrait UIInterfaceOrientationPortraitUpsideDown UIInterfaceOrientationLandscapeLeft UIInterfaceOrientationLandscapeRight";
				INFOPLIST_KEY_UISupportedInterfaceOrientations_iPhone = "UIInterfaceOrientationPortrait UIInterfaceOrientationLandscapeLeft UIInterfaceOrientationLandscapeRight";
				LD_RUNPATH_SEARCH_PATHS = (
					"$(inherited)",
					"@executable_path/Frameworks",
				);
				MARKETING_VERSION = 1.0;
				PRODUCT_BUNDLE_IDENTIFIER = "com.joybending.SwiftUI-DateDetector";
				PRODUCT_NAME = "$(TARGET_NAME)";
				SWIFT_EMIT_LOC_STRINGS = YES;
				SWIFT_VERSION = 5.0;
				TARGETED_DEVICE_FAMILY = "1,2";
			};
			name = Release;
		};
/* End XCBuildConfiguration section */

/* Begin XCConfigurationList section */
		ACB81C2B2AF803E600E3F769 /* Build configuration list for PBXNativeTarget "SwiftUI-DateDetector_Tests" */ = {
			isa = XCConfigurationList;
			buildConfigurations = (
				ACB81C292AF803E600E3F769 /* Debug */,
				ACB81C2A2AF803E600E3F769 /* Release */,
			);
			defaultConfigurationIsVisible = 0;
			defaultConfigurationName = Release;
		};
		ACBC4B162AE83557006F781D /* Build configuration list for PBXProject "SwiftUI-DateDetector" */ = {
			isa = XCConfigurationList;
			buildConfigurations = (
				ACBC4B272AE83558006F781D /* Debug */,
				ACBC4B282AE83558006F781D /* Release */,
			);
			defaultConfigurationIsVisible = 0;
			defaultConfigurationName = Release;
		};
		ACBC4B292AE83558006F781D /* Build configuration list for PBXNativeTarget "SwiftUI-DateDetector" */ = {
			isa = XCConfigurationList;
			buildConfigurations = (
				ACBC4B2A2AE83558006F781D /* Debug */,
				ACBC4B2B2AE83558006F781D /* Release */,
			);
			defaultConfigurationIsVisible = 0;
			defaultConfigurationName = Release;
		};
/* End XCConfigurationList section */

/* Begin XCRemoteSwiftPackageReference section */
		ACBC4B2C2AE83A6A006F781D /* XCRemoteSwiftPackageReference "SwiftDate" */ = {
			isa = XCRemoteSwiftPackageReference;
			repositoryURL = "https://github.com/malcommac/SwiftDate.git";
			requirement = {
				kind = upToNextMajorVersion;
				minimumVersion = 7.0.0;
			};
		};
/* End XCRemoteSwiftPackageReference section */

/* Begin XCSwiftPackageProductDependency section */
		ACBC4B2D2AE83A6A006F781D /* SwiftDate */ = {
			isa = XCSwiftPackageProductDependency;
			package = ACBC4B2C2AE83A6A006F781D /* XCRemoteSwiftPackageReference "SwiftDate" */;
			productName = SwiftDate;
		};
/* End XCSwiftPackageProductDependency section */
	};
	rootObject = ACBC4B132AE83557006F781D /* Project object */;
}
